
Microsoft Visual Studio Solution File, Format Version 12.00
# Visual Studio 15
VisualStudioVersion = 15.0.28307.572
MinimumVisualStudioVersion = 10.0.40219.1
Project("{2150E333-8FDC-42A3-9474-1A3956D46DE8}") = "00 Solution Items", "00 Solution Items", "{7932362A-E5DD-4A92-AC3F-6371F4D5193E}"
	ProjectSection(SolutionItems) = preProject
		.gitattributes = .gitattributes
		.gitignore = .gitignore
	EndProjectSection
EndProject
Project("{9A19103F-16F7-4668-BE54-9A1E7A4F7556}") = "CAPIEH.Core", "src\CAPIEH.Core\CAPIEH.Core.csproj", "{2966C28E-D13A-4EA6-8B49-8EC729BB0543}"
EndProject
Global
	GlobalSection(SolutionConfigurationPlatforms) = preSolution
		Debug|Any CPU = Debug|Any CPU
		Release|Any CPU = Release|Any CPU
	EndGlobalSection
	GlobalSection(ProjectConfigurationPlatforms) = postSolution
		{2966C28E-D13A-4EA6-8B49-8EC729BB0543}.Debug|Any CPU.ActiveCfg = Debug|Any CPU
		{2966C28E-D13A-4EA6-8B49-8EC729BB0543}.Debug|Any CPU.Build.0 = Debug|Any CPU
		{2966C28E-D13A-4EA6-8B49-8EC729BB0543}.Release|Any CPU.ActiveCfg = Release|Any CPU
		{2966C28E-D13A-4EA6-8B49-8EC729BB0543}.Release|Any CPU.Build.0 = Release|Any CPU
	EndGlobalSection
	GlobalSection(SolutionProperties) = preSolution
		HideSolutionNode = FALSE
	EndGlobalSection
	GlobalSection(ExtensibilityGlobals) = postSolution
		SolutionGuid = {47DDCAD0-72F9-4925-BC57-68B66F2785B7}
	EndGlobalSection
EndGlobal
